
Microsoft Visual Studio Solution File, Format Version 12.00
# Visual Studio Version 16
VisualStudioVersion = 16.0.28803.202
MinimumVisualStudioVersion = 15.0.26124.0
Project("{9A19103F-16F7-4668-BE54-9A1E7A4F7556}") = "Supermarket.API", "Supermarket.API\Supermarket.API.csproj", "{F53CB74A-1230-4670-BAF3-4E72693B7F9B}"
EndProject
Project("{9A19103F-16F7-4668-BE54-9A1E7A4F7556}") = "Supermarket.Domain", "Supermarket.Domain\Supermarket.Domain.csproj", "{387201D3-5981-45A7-84DD-8E6859FA8EB1}"
EndProject
Project("{9A19103F-16F7-4668-BE54-9A1E7A4F7556}") = "Supermarket.UnitTests", "Supermarket.UnitTests\Supermarket.UnitTests.csproj", "{7571297E-1AE6-4AEC-9682-16E95F5F9426}"
EndProject
Global
	GlobalSection(SolutionConfigurationPlatforms) = preSolution
		Debug|Any CPU = Debug|Any CPU
		Debug|x64 = Debug|x64
		Debug|x86 = Debug|x86
		Release|Any CPU = Release|Any CPU
		Release|x64 = Release|x64
		Release|x86 = Release|x86
	EndGlobalSection
	GlobalSection(ProjectConfigurationPlatforms) = postSolution
		{F53CB74A-1230-4670-BAF3-4E72693B7F9B}.Debug|Any CPU.ActiveCfg = Debug|Any CPU
		{F53CB74A-1230-4670-BAF3-4E72693B7F9B}.Debug|Any CPU.Build.0 = Debug|Any CPU
		{F53CB74A-1230-4670-BAF3-4E72693B7F9B}.Debug|x64.ActiveCfg = Debug|Any CPU
		{F53CB74A-1230-4670-BAF3-4E72693B7F9B}.Debug|x64.Build.0 = Debug|Any CPU
		{F53CB74A-1230-4670-BAF3-4E72693B7F9B}.Debug|x86.ActiveCfg = Debug|Any CPU
		{F53CB74A-1230-4670-BAF3-4E72693B7F9B}.Debug|x86.Build.0 = Debug|Any CPU
		{F53CB74A-1230-4670-BAF3-4E72693B7F9B}.Release|Any CPU.ActiveCfg = Release|Any CPU
		{F53CB74A-1230-4670-BAF3-4E72693B7F9B}.Release|Any CPU.Build.0 = Release|Any CPU
		{F53CB74A-1230-4670-BAF3-4E72693B7F9B}.Release|x64.ActiveCfg = Release|Any CPU
		{F53CB74A-1230-4670-BAF3-4E72693B7F9B}.Release|x64.Build.0 = Release|Any CPU
		{F53CB74A-1230-4670-BAF3-4E72693B7F9B}.Release|x86.ActiveCfg = Release|Any CPU
		{F53CB74A-1230-4670-BAF3-4E72693B7F9B}.Release|x86.Build.0 = Release|Any CPU
		{387201D3-5981-45A7-84DD-8E6859FA8EB1}.Debug|Any CPU.ActiveCfg = Debug|Any CPU
		{387201D3-5981-45A7-84DD-8E6859FA8EB1}.Debug|Any CPU.Build.0 = Debug|Any CPU
		{387201D3-5981-45A7-84DD-8E6859FA8EB1}.Debug|x64.ActiveCfg = Debug|Any CPU
		{387201D3-5981-45A7-84DD-8E6859FA8EB1}.Debug|x64.Build.0 = Debug|Any CPU
		{387201D3-5981-45A7-84DD-8E6859FA8EB1}.Debug|x86.ActiveCfg = Debug|Any CPU
		{387201D3-5981-45A7-84DD-8E6859FA8EB1}.Debug|x86.Build.0 = Debug|Any CPU
		{387201D3-5981-45A7-84DD-8E6859FA8EB1}.Release|Any CPU.ActiveCfg = Release|Any CPU
		{387201D3-5981-45A7-84DD-8E6859FA8EB1}.Release|Any CPU.Build.0 = Release|Any CPU
		{387201D3-5981-45A7-84DD-8E6859FA8EB1}.Release|x64.ActiveCfg = Release|Any CPU
		{387201D3-5981-45A7-84DD-8E6859FA8EB1}.Release|x64.Build.0 = Release|Any CPU
		{387201D3-5981-45A7-84DD-8E6859FA8EB1}.Release|x86.ActiveCfg = Release|Any CPU
		{387201D3-5981-45A7-84DD-8E6859FA8EB1}.Release|x86.Build.0 = Release|Any CPU
		{7571297E-1AE6-4AEC-9682-16E95F5F9426}.Debug|Any CPU.ActiveCfg = Debug|Any CPU
		{7571297E-1AE6-4AEC-9682-16E95F5F9426}.Debug|Any CPU.Build.0 = Debug|Any CPU
		{7571297E-1AE6-4AEC-9682-16E95F5F9426}.Debug|x64.ActiveCfg = Debug|Any CPU
		{7571297E-1AE6-4AEC-9682-16E95F5F9426}.Debug|x64.Build.0 = Debug|Any CPU
		{7571297E-1AE6-4AEC-9682-16E95F5F9426}.Debug|x86.ActiveCfg = Debug|Any CPU
		{7571297E-1AE6-4AEC-9682-16E95F5F9426}.Debug|x86.Build.0 = Debug|Any CPU
		{7571297E-1AE6-4AEC-9682-16E95F5F9426}.Release|Any CPU.ActiveCfg = Release|Any CPU
		{7571297E-1AE6-4AEC-9682-16E95F5F9426}.Release|Any CPU.Build.0 = Release|Any CPU
		{7571297E-1AE6-4AEC-9682-16E95F5F9426}.Release|x64.ActiveCfg = Release|Any CPU
		{7571297E-1AE6-4AEC-9682-16E95F5F9426}.Release|x64.Build.0 = Release|Any CPU
		{7571297E-1AE6-4AEC-9682-16E95F5F9426}.Release|x86.ActiveCfg = Release|Any CPU
		{7571297E-1AE6-4AEC-9682-16E95F5F9426}.Release|x86.Build.0 = Release|Any CPU
	EndGlobalSection
	GlobalSection(SolutionProperties) = preSolution
		HideSolutionNode = FALSE
	EndGlobalSection
	GlobalSection(ExtensibilityGlobals) = postSolution
		SolutionGuid = {60D7FD1B-D242-4177-840F-E4BC493016B1}
	EndGlobalSection
EndGlobal
